PODS:
  - Rigi (1.0.1):
    - Rigi/bin (= 1.0.1)
    - Rigi/Classes (= 1.0.1)
    - Rigi/docs (= 1.0.1)
  - Rigi/bin (1.0.1)
  - Rigi/Classes (1.0.1)
  - Rigi/docs (1.0.1)

DEPENDENCIES:
  - Rigi (from `../../../Rigi-Source/Rigi-Framework`)

EXTERNAL SOURCES:
  Rigi:
    :path: "../../../Rigi-Source/Rigi-Framework"

SPEC CHECKSUMS:
  Rigi: 6e2ea45fa060b3cf0d74a70477805121f9d633a4

PODFILE CHECKSUM: 7840e7c6e20ef328eb34ea3afd3bbed5560b8d9d

COCOAPODS: 1.11.3
